# This file was autogenerated by Stack.
# You should not edit this file by hand.
# For more information, please see the documentation at:
#   https://docs.haskellstack.org/en/stable/lock_files

packages: []
snapshots:
- completed:
    size: 508404
    url: https://raw.githubusercontent.com/commercialhaskell/stackage-snapshots/master/lts/12/20.yaml
    sha256: cfd514ad7db14b7da3dfe57d08086b1aaa6c9170aef73ae32290933004c62569
  original: lts-12.20
